
Microsoft Visual Studio Solution File, Format Version 12.00
# Visual Studio Version 16
VisualStudioVersion = 16.0.30907.101
MinimumVisualStudioVersion = 10.0.40219.1
Project("{FAE04EC0-301F-11D3-BF4B-00C04F79EFBC}") = "FJP.Contas", "FJP.Contas.csproj", "{27DFF530-A29B-4430-A721-4BDB0CD1E150}"
EndProject
Global
	GlobalSection(SolutionConfigurationPlatforms) = preSolution
		Debug|Any CPU = Debug|Any CPU
		Release|Any CPU = Release|Any CPU
	EndGlobalSection
	GlobalSection(ProjectConfigurationPlatforms) = postSolution
		{27DFF530-A29B-4430-A721-4BDB0CD1E150}.Debug|Any CPU.ActiveCfg = Debug|Any CPU
		{27DFF530-A29B-4430-A721-4BDB0CD1E150}.Debug|Any CPU.Build.0 = Debug|Any CPU
		{27DFF530-A29B-4430-A721-4BDB0CD1E150}.Release|Any CPU.ActiveCfg = Release|Any CPU
		{27DFF530-A29B-4430-A721-4BDB0CD1E150}.Release|Any CPU.Build.0 = Release|Any CPU
	EndGlobalSection
	GlobalSection(SolutionProperties) = preSolution
		HideSolutionNode = FALSE
	EndGlobalSection
	GlobalSection(ExtensibilityGlobals) = postSolution
		SolutionGuid = {B5A63460-8878-4708-8902-A0C66735ABCD}
	EndGlobalSection
EndGlobal
